{
  "version": "5",
  "specifiers": {
    "jsr:@db/sqlite@0.13": "0.13.0",
    "jsr:@denosaurs/plug@1": "1.1.0",
    "jsr:@hono/hono@4": "4.9.9",
    "jsr:@std/encoding@1": "1.0.10",
    "jsr:@std/fmt@1": "1.0.10",
    "jsr:@std/fs@1": "1.0.24",
    "jsr:@std/internal@^1.0.14": "1.0.14",
    "jsr:@std/path@1": "1.0.9",
    "jsr:@std/path@1.0": "1.0.9",
    "jsr:@std/path@^1.1.5": "1.1.5",
    "npm:@ai-sdk/anthropic@4": "4.0.15_zod@3.25.76",
    "npm:@ai-sdk/openai-compatible@3": "3.0.5_zod@3.25.76",
    "npm:ai@7": "7.0.16_zod@3.25.76",
    "npm:zod@3": "3.25.76"
  },
  "jsr": {
    "@db/sqlite@0.13.0": {
      "integrity": "4545c635e0b3d4ddfdc0f2240f932f24b8ad0178e9c2e3a0f9403e7b18ae2fb5",
      "dependencies": [
        "jsr:@denosaurs/plug",
        "jsr:@std/path@1.0"
      ]
    },
    "@denosaurs/plug@1.1.0": {
      "integrity": "eb2f0b7546c7bca2000d8b0282c54d50d91cf6d75cb26a80df25a6de8c4bc044",
      "dependencies": [
        "jsr:@std/encoding",
        "jsr:@std/fmt",
        "jsr:@std/fs",
        "jsr:@std/path@1"
      ]
    },
    "@hono/hono@4.9.9": {
      "integrity": "1d716e97b71e91b852c70beb85c9d3b236393282c59d5e268b07cfd224a77318"
    },
    "@std/encoding@1.0.10": {
      "integrity": "8783c6384a2d13abd5e9e87a7ae0520a30e9f56aeeaa3bdf910a3eaaf5c811a1"
    },
    "@std/fmt@1.0.10": {
      "integrity": "90dfba288802ac6de82fb31d0917eb9e4450b9925b954d5e51fc29ac07419db5"
    },
    "@std/fs@1.0.24": {
      "integrity": "f3061b45b81673a2bece689da041df32d174be064c89eb6397fb5718d3fb7877",
      "dependencies": [
        "jsr:@std/internal",
        "jsr:@std/path@^1.1.5"
      ]
    },
    "@std/internal@1.0.14": {
      "integrity": "291516b3d4c35024d6ffbc0a9df5bf4c64116e05b50012cf846710152d2ffdf7"
    },
    "@std/path@1.0.9": {
      "integrity": "260a49f11edd3db93dd38350bf9cd1b4d1366afa98e81b86167b4e3dd750129e"
    },
    "@std/path@1.1.5": {
      "integrity": "ccea00982ea28c36becaf6e62f855406c76a8c32d462f66f415bbb7d83a271bc",
      "dependencies": [
        "jsr:@std/internal"
      ]
    }
  },
  "npm": {
    "@ai-sdk/anthropic@4.0.15_zod@3.25.76": {
      "integrity": "sha512-6iVlzqZjqqoHTmgO1WU9id/33pYykIRasWJFAMf1+d+nhju6d7566VRFsOGZ2W2GzgNtzKs8DGsYN7X5/wOGuw==",
      "dependencies": [
        "@ai-sdk/provider@4.0.3",
        "@ai-sdk/provider-utils@5.0.10_zod@3.25.76",
        "zod"
      ]
    },
    "@ai-sdk/gateway@4.0.12_zod@3.25.76": {
      "integrity": "sha512-Y7Fy8xJwPz7ZC0DhSQG3HIVk+drup42hrIj6yqKlib3CxwiR0F7nYyUI8+kPrEtbZEoyKoRstvT4/o0HEyFBHA==",
      "dependencies": [
        "@ai-sdk/provider@4.0.2",
        "@ai-sdk/provider-utils@5.0.5_zod@3.25.76",
        "@vercel/oidc",
        "zod"
      ]
    },
    "@ai-sdk/openai-compatible@3.0.5_zod@3.25.76": {
      "integrity": "sha512-4UtDxT6Ga7U225o5fBEgtCFZHba4/iTDXRqMrU62yEfTrFks4o+F4jt0D3OWmUasR9LPFzLy0KnEITxFDtc89g==",
      "dependencies": [
        "@ai-sdk/provider@4.0.2",
        "@ai-sdk/provider-utils@5.0.5_zod@3.25.76",
        "zod"
      ]
    },
    "@ai-sdk/provider-utils@5.0.10_zod@3.25.76": {
      "integrity": "sha512-uPyec0+85dwxZYXtb8qe8gCjhjDfxP4LCDo/uRQS/iG+FIgYbHPRhr/ys281udG90bTaE18+5cxWraYaf8oHCw==",
      "dependencies": [
        "@ai-sdk/provider@4.0.3",
        "@standard-schema/spec",
        "@workflow/serde",
        "eventsource-parser",
        "zod"
      ]
    },
    "@ai-sdk/provider-utils@5.0.5_zod@3.25.76": {
      "integrity": "sha512-oI0t3dvCoqWNV1I8o1Rybi2DXDvHES5r/TrwtJW90tuFLVepgJlftPxrcjh8vaSvjqC2diTuA2vXyjKAyHJm4A==",
      "dependencies": [
        "@ai-sdk/provider@4.0.2",
        "@standard-schema/spec",
        "@workflow/serde",
        "eventsource-parser",
        "zod"
      ]
    },
    "@ai-sdk/provider@4.0.2": {
      "integrity": "sha512-pfPoy9J1B1xV7cqJ8MYHOsDYrMv5tR3+EMNfI249OhkD2uRakvav3Fo7XpD2luuN/YNCBY7KfEQc7vEV7KEtyw==",
      "dependencies": [
        "json-schema"
      ]
    },
    "@ai-sdk/provider@4.0.3": {
      "integrity": "sha512-e0CpNWJUY7OxAFAnCZkw+ri9QOHWwTs1tXP42782KFGCU07qt8NiXCrCVowyCB5dP2r5/Uls+g2oPd8kOJn9dw==",
      "dependencies": [
        "json-schema"
      ]
    },
    "@standard-schema/spec@1.1.0": {
      "integrity": "sha512-l2aFy5jALhniG5HgqrD6jXLi/rUWrKvqN/qJx6yoJsgKhblVd+iqqU4RCXavm/jPityDo5TCvKMnpjKnOriy0w=="
    },
    "@vercel/oidc@3.2.0": {
      "integrity": "sha512-UycprH3T6n3jH0k44NHMa7pnFHGu/N05MjojYr+Mc6I7obkoLIJujSWwin1pCvdy/eOxrI/l3uDLQsmcrOb4ug=="
    },
    "@workflow/serde@4.1.0": {
      "integrity": "sha512-pav4F2BoirECWR7Nf1TKt+2eETcBj7jj4cBefQ8VXQCA6NPkaKeLfj/zMgi+3zYV5ZIBT4GuUiphsj0/b9hPQQ=="
    },
    "ai@7.0.16_zod@3.25.76": {
      "integrity": "sha512-OuA+uz6ZUVId+SVeB5bThi25Ofee/FmLvffAA368tlgqYCe2qAhqZUpfHL0dd9QC/iPiszdvCQYENJavSo/0gw==",
      "dependencies": [
        "@ai-sdk/gateway",
        "@ai-sdk/provider@4.0.2",
        "@ai-sdk/provider-utils@5.0.5_zod@3.25.76",
        "zod"
      ]
    },
    "eventsource-parser@3.1.0": {
      "integrity": "sha512-kJezFj9YFAMLeORyi7aCLxLbD5/qWMQnoMVlVPyHIll7lgRJCc3JVln9Vgl9nwQi0YkMnhdGTMNn7CkRRAptMg=="
    },
    "json-schema@0.4.0": {
      "integrity": "sha512-es94M3nTIfsEPisRafak+HDLfHXnKBhV3vU5eqPcS3flIWqcxJWgXHXiey3YrpaNsanY5ei1VoYEbOzijuq9BA=="
    },
    "zod@3.25.76": {
      "integrity": "sha512-gzUt/qt81nXsFGKIFcC3YnfEAx5NkunCfnDlvuBSSFS02bcXu4Lmea0AFIUwbLWxWPx3d9p8S5QoaujKcNQxcQ=="
    }
  },
  "workspace": {
    "dependencies": [
      "jsr:@db/sqlite@0.13",
      "jsr:@hono/hono@4",
      "npm:@ai-sdk/anthropic@4",
      "npm:@ai-sdk/openai-compatible@3",
      "npm:ai@7",
      "npm:zod@3"
    ]
  }
}
